
Microsoft Visual Studio Solution File, Format Version 12.00
# Visual Studio 15
VisualStudioVersion = 15.0.27703.2026
MinimumVisualStudioVersion = 10.0.40219.1
Project("{4DF76451-A46A-4C0B-BE03-459FAAFA07E6}") = "Ozon", "Ozon\Ozon.mproj", "{2AD1B279-3EB3-411B-80D1-0553177B8058}"
EndProject
Global
	GlobalSection(SolutionConfigurationPlatforms) = preSolution
		Debug|x86 = Debug|x86
		Release|x86 = Release|x86
	EndGlobalSection
	GlobalSection(ProjectConfigurationPlatforms) = postSolution
		{2AD1B279-3EB3-411B-80D1-0553177B8058}.Debug|x86.ActiveCfg = Debug|x86
		{2AD1B279-3EB3-411B-80D1-0553177B8058}.Debug|x86.Build.0 = Debug|x86
		{2AD1B279-3EB3-411B-80D1-0553177B8058}.Release|x86.ActiveCfg = Release|x86
		{2AD1B279-3EB3-411B-80D1-0553177B8058}.Release|x86.Build.0 = Release|x86
	EndGlobalSection
	GlobalSection(SolutionProperties) = preSolution
		HideSolutionNode = FALSE
	EndGlobalSection
	GlobalSection(ExtensibilityGlobals) = postSolution
		SolutionGuid = {F2130FF7-81E4-4020-94F4-9D135113EE02}
	EndGlobalSection
EndGlobal
